{
  "requires": true,
  "lockfileVersion": 1,
  "dependencies": {
    "bulma-toast": {
      "version": "1.5.2",
      "resolved": "https://registry.npmjs.org/bulma-toast/-/bulma-toast-1.5.2.tgz",
      "integrity": "sha512-vvfjvPawZWtOVLzn43POYwv4IYsLqUzYEPtsgPr8GPMRNsM9jyzsMXpsZchb2RxX9rVCSFrn5MikGi4hoyR0zw=="
    }
  }
}
